PODS:
  - Flutter (1.0.0)
  - Relayer (0.0.1):
    - WalletConnectUtils
  - WalletConnect (0.0.1):
    - Relayer
    - WalletConnectKMS
  - WalletConnectKMS (0.0.1):
    - WalletConnectUtils
  - WalletConnectUtils (0.0.1)
  - walletconnectv2_flutter (0.0.1):
    - Flutter
    - Relayer
    - WalletConnect
    - WalletConnectKMS
    - WalletConnectUtils

DEPENDENCIES:
  - Flutter (from `Flutter`)
  - Relayer (from `https://github.com/BitizenWallet/WalletConnectSwiftV2.git`, branch `main`)
  - WalletConnect (from `https://github.com/BitizenWallet/WalletConnectSwiftV2.git`, branch `main`)
  - WalletConnectKMS (from `https://github.com/BitizenWallet/WalletConnectSwiftV2.git`, branch `main`)
  - WalletConnectUtils (from `https://github.com/BitizenWallet/WalletConnectSwiftV2.git`, branch `main`)
  - walletconnectv2_flutter (from `.symlinks/plugins/walletconnectv2_flutter/ios`)

EXTERNAL SOURCES:
  Flutter:
    :path: Flutter
  Relayer:
    :branch: main
    :git: https://github.com/BitizenWallet/WalletConnectSwiftV2.git
  WalletConnect:
    :branch: main
    :git: https://github.com/BitizenWallet/WalletConnectSwiftV2.git
  WalletConnectKMS:
    :branch: main
    :git: https://github.com/BitizenWallet/WalletConnectSwiftV2.git
  WalletConnectUtils:
    :branch: main
    :git: https://github.com/BitizenWallet/WalletConnectSwiftV2.git
  walletconnectv2_flutter:
    :path: ".symlinks/plugins/walletconnectv2_flutter/ios"

CHECKOUT OPTIONS:
  Relayer:
    :commit: 262ad259826bbd03e9a16b6039c5fd4d6dc5470e
    :git: https://github.com/BitizenWallet/WalletConnectSwiftV2.git
  WalletConnect:
    :commit: 262ad259826bbd03e9a16b6039c5fd4d6dc5470e
    :git: https://github.com/BitizenWallet/WalletConnectSwiftV2.git
  WalletConnectKMS:
    :commit: 262ad259826bbd03e9a16b6039c5fd4d6dc5470e
    :git: https://github.com/BitizenWallet/WalletConnectSwiftV2.git
  WalletConnectUtils:
    :commit: 262ad259826bbd03e9a16b6039c5fd4d6dc5470e
    :git: https://github.com/BitizenWallet/WalletConnectSwiftV2.git

SPEC CHECKSUMS:
  Flutter: 50d75fe2f02b26cc09d224853bb45737f8b3214a
  Relayer: ae60fa7481956ae76d15df3445b6edc97822c072
  WalletConnect: fda4f043b74dc187fb5a86d2524345e6d7260894
  WalletConnectKMS: fde88f04f9a7fd65db762d1f1f2945b05a2e30b5
  WalletConnectUtils: 36c4105248abd9083044c1e3ba4c11af55fbe108
  walletconnectv2_flutter: 85d80a1f57eca0594d9732d7b886a8df4dbb935d

PODFILE CHECKSUM: 9083780e425b6a453a1daa18e300f8db6f95eb9d

COCOAPODS: 1.11.3
