PODS:
  - CryptoSwift (1.4.3)
  - Flutter (1.0.0)
  - WalletConnect (0.0.1):
    - CryptoSwift (>= 1.4.1)
  - walletconnectv2_flutter (0.0.1):
    - Flutter

DEPENDENCIES:
  - Flutter (from `Flutter`)
  - WalletConnect (from `https://github.com/BitizenWallet/WalletConnectSwiftV2.git`, branch `main`)
  - walletconnectv2_flutter (from `.symlinks/plugins/walletconnectv2_flutter/ios`)

SPEC REPOS:
  trunk:
    - CryptoSwift

EXTERNAL SOURCES:
  Flutter:
    :path: Flutter
  WalletConnect:
    :branch: main
    :git: https://github.com/BitizenWallet/WalletConnectSwiftV2.git
  walletconnectv2_flutter:
    :path: ".symlinks/plugins/walletconnectv2_flutter/ios"

CHECKOUT OPTIONS:
  WalletConnect:
    :commit: 499b3b1034dec8a151ce958d11435cf179f344f1
    :git: https://github.com/BitizenWallet/WalletConnectSwiftV2.git

SPEC CHECKSUMS:
  CryptoSwift: a0799ee936271bd2253a006f1e4523df21845000
  Flutter: 50d75fe2f02b26cc09d224853bb45737f8b3214a
  WalletConnect: 5bf9861394510d94efd1f1cad7e7169bf34cc85f
  walletconnectv2_flutter: 5e3ed4c994da74c72dd55d492781d6c5c0bfb59c

PODFILE CHECKSUM: fa0cf62ba3f95f453e5391294af4181ea4718228

COCOAPODS: 1.11.3
