PODS:
  - Flutter (1.0.0)
  - Relayer (0.0.1):
    - WalletConnectUtils
  - WalletConnect (0.0.1):
    - Relayer
    - WalletConnectKMS
  - WalletConnectKMS (0.0.1):
    - WalletConnectUtils
  - WalletConnectUtils (0.0.1)
  - walletconnectv2_flutter (0.0.1):
    - Flutter
    - Relayer
    - WalletConnect
    - WalletConnectKMS
    - WalletConnectUtils

DEPENDENCIES:
  - Flutter (from `Flutter`)
  - Relayer (from `~/Downloads/WalletConnectSwiftV2`)
  - WalletConnect (from `~/Downloads/WalletConnectSwiftV2`)
  - WalletConnectKMS (from `~/Downloads/WalletConnectSwiftV2`)
  - WalletConnectUtils (from `~/Downloads/WalletConnectSwiftV2`)
  - walletconnectv2_flutter (from `.symlinks/plugins/walletconnectv2_flutter/ios`)

EXTERNAL SOURCES:
  Flutter:
    :path: Flutter
  Relayer:
    :path: "~/Downloads/WalletConnectSwiftV2"
  WalletConnect:
    :path: "~/Downloads/WalletConnectSwiftV2"
  WalletConnectKMS:
    :path: "~/Downloads/WalletConnectSwiftV2"
  WalletConnectUtils:
    :path: "~/Downloads/WalletConnectSwiftV2"
  walletconnectv2_flutter:
    :path: ".symlinks/plugins/walletconnectv2_flutter/ios"

SPEC CHECKSUMS:
  Flutter: 50d75fe2f02b26cc09d224853bb45737f8b3214a
  Relayer: ae60fa7481956ae76d15df3445b6edc97822c072
  WalletConnect: fda4f043b74dc187fb5a86d2524345e6d7260894
  WalletConnectKMS: fde88f04f9a7fd65db762d1f1f2945b05a2e30b5
  WalletConnectUtils: 36c4105248abd9083044c1e3ba4c11af55fbe108
  walletconnectv2_flutter: 85d80a1f57eca0594d9732d7b886a8df4dbb935d

PODFILE CHECKSUM: cb60715a995daa1a1e236d1b895cc8177ecb084f

COCOAPODS: 1.11.3
